{
  "name": "NavigationTutorial",
  "version": "1.0.0",
  "lockfileVersion": 1,
  "requires": true,
  "dependencies": {
    "@openui5/sap.m": {
      "version": "1.88.0",
      "resolved": "https://registry.npmjs.org/@openui5/sap.m/-/sap.m-1.88.0.tgz",
      "integrity": "sha512-SxQvYJO5ZSmxoEoIInHM2CEObq53AX8Qd8/YCzJyHM+pZWGlZIM0nn34nYsp/wQjqCsucfAGGcQfRlIyD+5eVg==",
      "requires": {
        "@openui5/sap.ui.core": "1.88.0",
        "@openui5/sap.ui.layout": "1.88.0",
        "@openui5/sap.ui.unified": "1.88.0"
      }
    },
    "@openui5/sap.ui.core": {
      "version": "1.88.0",
      "resolved": "https://registry.npmjs.org/@openui5/sap.ui.core/-/sap.ui.core-1.88.0.tgz",
      "integrity": "sha512-CJXNZZCQZKP0+OsGHhzz6DUVeYGPs/ltAkLPVr0BP7V9+vy9pg03/UhyJG41UZiky2F7F9tci9Zg2xC1s9lmdg=="
    },
    "@openui5/sap.ui.layout": {
      "version": "1.88.0",
      "resolved": "https://registry.npmjs.org/@openui5/sap.ui.layout/-/sap.ui.layout-1.88.0.tgz",
      "integrity": "sha512-vX7Tizs5SbvN1QWo48KXnUqrIMNaV1N2iOex0sJDAhfVDMWrcv7nmPEa88w04ViCVmGt4iVNhWL03t1/YdHQ2w==",
      "requires": {
        "@openui5/sap.ui.core": "1.88.0"
      }
    },
    "@openui5/sap.ui.unified": {
      "version": "1.88.0",
      "resolved": "https://registry.npmjs.org/@openui5/sap.ui.unified/-/sap.ui.unified-1.88.0.tgz",
      "integrity": "sha512-LdbXcKkS8LpWMIOchL52y12j+9SJFiJ7ZmpVbfwp3nCBeKq+ezJdM4gDK2V9UghclMph2LHTMR83lS+4GAzJJA==",
      "requires": {
        "@openui5/sap.ui.core": "1.88.0"
      }
    },
    "@openui5/themelib_sap_fiori_3": {
      "version": "1.88.0",
      "resolved": "https://registry.npmjs.org/@openui5/themelib_sap_fiori_3/-/themelib_sap_fiori_3-1.88.0.tgz",
      "integrity": "sha512-wBD+VhqKpCpw7GwI4WofWfLr2LzrRw5k7DdHoMd0qfbsaALlKBsFRCX+2dWM0DTWCMcxuiv6m2bCgkS1u4i+Cw=="
    }
  }
}
